Microsoft Visual Studio Solution File, Format Version 12.00
# Visual Studio Version 17
VisualStudioVersion = 17.13.35913.81
MinimumVisualStudioVersion = 10.0.40219.1
Project("{FAE04EC0-301F-11D3-BF4B-00C04F79EFBC}") = "CodingTracker", "CodingTracker\CodingTracker.csproj", "{C4CFB00D-D52E-4013-BA3D-08FC17DB02DA}"
EndProject
Global
	GlobalSection(SolutionConfigurationPlatforms) = preSolution
		Debug|Any CPU = Debug|Any CPU
		Release|Any CPU = Release|Any CPU
	EndGlobalSection
	GlobalSection(ProjectConfigurationPlatforms) = postSolution
		{C4CFB00D-D52E-4013-BA3D-08FC17DB02DA}.Debug|Any CPU.ActiveCfg = Debug|Any CPU
		{C4CFB00D-D52E-4013-BA3D-08FC17DB02DA}.Debug|Any CPU.Build.0 = Debug|Any CPU
		{C4CFB00D-D52E-4013-BA3D-08FC17DB02DA}.Release|Any CPU.ActiveCfg = Release|Any CPU
		{C4CFB00D-D52E-4013-BA3D-08FC17DB02DA}.Release|Any CPU.Build.0 = Release|Any CPU
	EndGlobalSection
	GlobalSection(SolutionProperties) = preSolution
		HideSolutionNode = FALSE
	EndGlobalSection
	GlobalSection(ExtensibilityGlobals) = postSolution
		SolutionGuid = {015A232E-AB50-430F-9D29-BC155BC52A62}
	EndGlobalSection
EndGlobal
